
Microsoft Visual Studio Solution File, Format Version 12.00
# Visual Studio Version 17
VisualStudioVersion = 17.13.35931.197 d17.13
MinimumVisualStudioVersion = 10.0.40219.1
Project("{FAE04EC0-301F-11D3-BF4B-00C04F79EFBC}") = "CafeElMejor", "CafeElMejor\CafeElMejor.csproj", "{26E9C445-26F6-43FD-AF17-400A07E94F17}"
EndProject
Project("{FAE04EC0-301F-11D3-BF4B-00C04F79EFBC}") = "Infrastructure", "Infrastructure\Infrastructure.csproj", "{138DCD27-BBB0-474E-B5D1-B37A1DFD7E4D}"
EndProject
Project("{FAE04EC0-301F-11D3-BF4B-00C04F79EFBC}") = "Domain", "Domain\Domain.csproj", "{C96E7E8A-3CE4-413D-A3B8-EBC36BE01749}"
EndProject
Project("{FAE04EC0-301F-11D3-BF4B-00C04F79EFBC}") = "Aplication", "Aplication\Aplication.csproj", "{D283BD56-93F4-4728-AD5D-5B6D609D16A7}"
EndProject
Global
	GlobalSection(SolutionConfigurationPlatforms) = preSolution
		Debug|Any CPU = Debug|Any CPU
		Release|Any CPU = Release|Any CPU
	EndGlobalSection
	GlobalSection(ProjectConfigurationPlatforms) = postSolution
		{26E9C445-26F6-43FD-AF17-400A07E94F17}.Debug|Any CPU.ActiveCfg = Debug|Any CPU
		{26E9C445-26F6-43FD-AF17-400A07E94F17}.Debug|Any CPU.Build.0 = Debug|Any CPU
		{26E9C445-26F6-43FD-AF17-400A07E94F17}.Release|Any CPU.ActiveCfg = Release|Any CPU
		{26E9C445-26F6-43FD-AF17-400A07E94F17}.Release|Any CPU.Build.0 = Release|Any CPU
		{138DCD27-BBB0-474E-B5D1-B37A1DFD7E4D}.Debug|Any CPU.ActiveCfg = Debug|Any CPU
		{138DCD27-BBB0-474E-B5D1-B37A1DFD7E4D}.Debug|Any CPU.Build.0 = Debug|Any CPU
		{138DCD27-BBB0-474E-B5D1-B37A1DFD7E4D}.Release|Any CPU.ActiveCfg = Release|Any CPU
		{138DCD27-BBB0-474E-B5D1-B37A1DFD7E4D}.Release|Any CPU.Build.0 = Release|Any CPU
		{C96E7E8A-3CE4-413D-A3B8-EBC36BE01749}.Debug|Any CPU.ActiveCfg = Debug|Any CPU
		{C96E7E8A-3CE4-413D-A3B8-EBC36BE01749}.Debug|Any CPU.Build.0 = Debug|Any CPU
		{C96E7E8A-3CE4-413D-A3B8-EBC36BE01749}.Release|Any CPU.ActiveCfg = Release|Any CPU
		{C96E7E8A-3CE4-413D-A3B8-EBC36BE01749}.Release|Any CPU.Build.0 = Release|Any CPU
		{D283BD56-93F4-4728-AD5D-5B6D609D16A7}.Debug|Any CPU.ActiveCfg = Debug|Any CPU
		{D283BD56-93F4-4728-AD5D-5B6D609D16A7}.Debug|Any CPU.Build.0 = Debug|Any CPU
		{D283BD56-93F4-4728-AD5D-5B6D609D16A7}.Release|Any CPU.ActiveCfg = Release|Any CPU
		{D283BD56-93F4-4728-AD5D-5B6D609D16A7}.Release|Any CPU.Build.0 = Release|Any CPU
	EndGlobalSection
	GlobalSection(SolutionProperties) = preSolution
		HideSolutionNode = FALSE
	EndGlobalSection
	GlobalSection(ExtensibilityGlobals) = postSolution
		SolutionGuid = {F7BAE4CD-0BFA-464E-9708-047CF424E8E7}
	EndGlobalSection
EndGlobal
